// !$*UTF8*$!
{
	archiveVersion = 1;
	classes = {
	};
	objectVersion = 46;
	objects = {

/* Begin PBXBuildFile section */
		134A16AA1D77291700913710 /* application.m in Sources */ = {isa = PBXBuildFile; fileRef = 134A16A91D77291700913710 /* application.m */; };
		134A16AD1D77295100913710 /* viewControllerManager.m in Sources */ = {isa = PBXBuildFile; fileRef = 134A16AC1D77295100913710 /* viewControllerManager.m */; };
		13AF23BA1D75B7A500CDB2BC /* main.m in Sources */ = {isa = PBXBuildFile; fileRef = 13AF23B91D75B7A500CDB2BC /* main.m */; };
		13AF23BD1D75B7A500CDB2BC /* AppDelegate.m in Sources */ = {isa = PBXBuildFile; fileRef = 13AF23BC1D75B7A500CDB2BC /* AppDelegate.m */; };
		13AF23C51D75B7A600CDB2BC /* Assets.xcassets in Resources */ = {isa = PBXBuildFile; fileRef = 13AF23C41D75B7A600CDB2BC /* Assets.xcassets */; };
		13AF23D31D75B7A600CDB2BC /* myfirstappTests.m in Sources */ = {isa = PBXBuildFile; fileRef = 13AF23D21D75B7A600CDB2BC /* myfirstappTests.m */; };
		13AF23DE1D75B7A600CDB2BC /* myfirstappUITests.m in Sources */ = {isa = PBXBuildFile; fileRef = 13AF23DD1D75B7A600CDB2BC /* myfirstappUITests.m */; };
		13E7AC4D1D76DFE800F3DA3C /* ViewController.m in Sources */ = {isa = PBXBuildFile; fileRef = 13E7AC4B1D76DFE800F3DA3C /* ViewController.m */; };
/* End PBXBuildFile section */

/* Begin PBXContainerItemProxy section */
		13AF23CF1D75B7A600CDB2BC /* PBXContainerItemProxy */ = {
			isa = PBXContainerItemProxy;
			containerPortal = 13AF23AD1D75B7A500CDB2BC /* Project object */;
			proxyType = 1;
			remoteGlobalIDString = 13AF23B41D75B7A500CDB2BC;
			remoteInfo = myfirstapp;
		};
		13AF23DA1D75B7A600CDB2BC /* PBXContainerItemProxy */ = {
			isa = PBXContainerItemProxy;
			containerPortal = 13AF23AD1D75B7A500CDB2BC /* Project object */;
			proxyType = 1;
			remoteGlobalIDString = 13AF23B41D75B7A500CDB2BC;
			remoteInfo = myfirstapp;
		};
/* End PBXContainerItemProxy section */

/* Begin PBXFileReference section */
		134A16A81D77291700913710 /* application.h */ = {isa = PBXFileReference; fileEncoding = 4; lastKnownFileType = sourcecode.c.h; path = application.h; sourceTree = "<group>"; };
		134A16A91D77291700913710 /* application.m */ = {isa = PBXFileReference; fileEncoding = 4; lastKnownFileType = sourcecode.c.objc; path = application.m; sourceTree = "<group>"; };
		134A16AB1D77295100913710 /* viewControllerManager.h */ = {isa = PBXFileReference; fileEncoding = 4; lastKnownFileType = sourcecode.c.h; path = viewControllerManager.h; sourceTree = "<group>"; };
		134A16AC1D77295100913710 /* viewControllerManager.m */ = {isa = PBXFileReference; fileEncoding = 4; lastKnownFileType = sourcecode.c.objc; path = viewControllerManager.m; sourceTree = "<group>"; };
		13AF23B51D75B7A500CDB2BC /* myfirstapp.app */ = {isa = PBXFileReference; explicitFileType = wrapper.application; includeInIndex = 0; path = myfirstapp.app; sourceTree = BUILT_PRODUCTS_DIR; };
		13AF23B91D75B7A500CDB2BC /* main.m */ = {isa = PBXFileReference; lastKnownFileType = sourcecode.c.objc; path = main.m; sourceTree = "<group>"; };
		13AF23BB1D75B7A500CDB2BC /* AppDelegate.h */ = {isa = PBXFileReference; lastKnownFileType = sourcecode.c.h; path = AppDelegate.h; sourceTree = "<group>"; };
		13AF23BC1D75B7A500CDB2BC /* AppDelegate.m */ = {isa = PBXFileReference; lastKnownFileType = sourcecode.c.objc; path = AppDelegate.m; sourceTree = "<group>"; };
		13AF23C41D75B7A600CDB2BC /* Assets.xcassets */ = {isa = PBXFileReference; lastKnownFileType = folder.assetcatalog; path = Assets.xcassets; sourceTree = "<group>"; };
		13AF23C91D75B7A600CDB2BC /* Info.plist */ = {isa = PBXFileReference; lastKnownFileType = text.plist.xml; path = Info.plist; sourceTree = "<group>"; };
		13AF23CE1D75B7A600CDB2BC /* myfirstappTests.xctest */ = {isa = PBXFileReference; explicitFileType = wrapper.cfbundle; includeInIndex = 0; path = myfirstappTests.xctest; sourceTree = BUILT_PRODUCTS_DIR; };
		13AF23D21D75B7A600CDB2BC /* myfirstappTests.m */ = {isa = PBXFileReference; lastKnownFileType = sourcecode.c.objc; path = myfirstappTests.m; sourceTree = "<group>"; };
		13AF23D41D75B7A600CDB2BC /* Info.plist */ = {isa = PBXFileReference; lastKnownFileType = text.plist.xml; path = Info.plist; sourceTree = "<group>"; };
		13AF23D91D75B7A600CDB2BC /* myfirstappUITests.xctest */ = {isa = PBXFileReference; explicitFileType = wrapper.cfbundle; includeInIndex = 0; path = myfirstappUITests.xctest; sourceTree = BUILT_PRODUCTS_DIR; };
		13AF23DD1D75B7A600CDB2BC /* myfirstappUITests.m */ = {isa = PBXFileReference; lastKnownFileType = sourcecode.c.objc; path = myfirstappUITests.m; sourceTree = "<group>"; };
		13AF23DF1D75B7A600CDB2BC /* Info.plist */ = {isa = PBXFileReference; lastKnownFileType = text.plist.xml; path = Info.plist; sourceTree = "<group>"; };
		13E7AC4A1D76DFE800F3DA3C /* ViewController.h */ = {isa = PBXFileReference; fileEncoding = 4; lastKnownFileType = sourcecode.c.h; path = ViewController.h; sourceTree = "<group>"; };
		13E7AC4B1D76DFE800F3DA3C /* ViewController.m */ = {isa = PBXFileReference; fileEncoding = 4; lastKnownFileType = sourcecode.c.objc; path = ViewController.m; sourceTree = "<group>"; };
/* End PBXFileReference section */

/* Begin PBXFrameworksBuildPhase section */
		13AF23B21D75B7A500CDB2BC /* Frameworks */ = {
			isa = PBXFrameworksBuildPhase;
			buildActionMask = 2147483647;
			files = (
			);
			runOnlyForDeploymentPostprocessing = 0;
		};
		13AF23CB1D75B7A600CDB2BC /* Frameworks */ = {
			isa = PBXFrameworksBuildPhase;
			buildActionMask = 2147483647;
			files = (
			);
			runOnlyForDeploymentPostprocessing = 0;
		};
		13AF23D61D75B7A600CDB2BC /* Frameworks */ = {
			isa = PBXFrameworksBuildPhase;
			buildActionMask = 2147483647;
			files = (
			);
			runOnlyForDeploymentPostprocessing = 0;
		};
/* End PBXFrameworksBuildPhase section */

/* Begin PBXGroup section */
		134A16A51D7728A400913710 /* layout */ = {
			isa = PBXGroup;
			children = (
			);
			name = layout;
			sourceTree = "<group>";
		};
		134A16A61D7728B200913710 /* art */ = {
			isa = PBXGroup;
			children = (
			);
			name = art;
			sourceTree = "<group>";
		};
		134A16A71D7728B800913710 /* core */ = {
			isa = PBXGroup;
			children = (
				13E7AC4A1D76DFE800F3DA3C /* ViewController.h */,
				13E7AC4B1D76DFE800F3DA3C /* ViewController.m */,
				134A16AB1D77295100913710 /* viewControllerManager.h */,
				134A16AC1D77295100913710 /* viewControllerManager.m */,
				134A16A81D77291700913710 /* application.h */,
				134A16A91D77291700913710 /* application.m */,
			);
			name = core;
			sourceTree = "<group>";
		};
		13AF23AC1D75B7A500CDB2BC = {
			isa = PBXGroup;
			children = (
				13AF23B71D75B7A500CDB2BC /* myfirstapp */,
				13AF23D11D75B7A600CDB2BC /* myfirstappTests */,
				13AF23DC1D75B7A600CDB2BC /* myfirstappUITests */,
				13AF23B61D75B7A500CDB2BC /* Products */,
			);
			sourceTree = "<group>";
		};
		13AF23B61D75B7A500CDB2BC /* Products */ = {
			isa = PBXGroup;
			children = (
				13AF23B51D75B7A500CDB2BC /* myfirstapp.app */,
				13AF23CE1D75B7A600CDB2BC /* myfirstappTests.xctest */,
				13AF23D91D75B7A600CDB2BC /* myfirstappUITests.xctest */,
			);
			name = Products;
			sourceTree = "<group>";
		};
		13AF23B71D75B7A500CDB2BC /* myfirstapp */ = {
			isa = PBXGroup;
			children = (
				134A16A71D7728B800913710 /* core */,
				134A16A61D7728B200913710 /* art */,
				134A16A51D7728A400913710 /* layout */,
				13AF23BB1D75B7A500CDB2BC /* AppDelegate.h */,
				13AF23BC1D75B7A500CDB2BC /* AppDelegate.m */,
				13AF23C41D75B7A600CDB2BC /* Assets.xcassets */,
				13AF23C91D75B7A600CDB2BC /* Info.plist */,
				13AF23B81D75B7A500CDB2BC /* Supporting Files */,
			);
			path = myfirstapp;
			sourceTree = "<group>";
		};
		13AF23B81D75B7A500CDB2BC /* Supporting Files */ = {
			isa = PBXGroup;
			children = (
				13AF23B91D75B7A500CDB2BC /* main.m */,
			);
			name = "Supporting Files";
			sourceTree = "<group>";
		};
		13AF23D11D75B7A600CDB2BC /* myfirstappTests */ = {
			isa = PBXGroup;
			children = (
				13AF23D21D75B7A600CDB2BC /* myfirstappTests.m */,
				13AF23D41D75B7A600CDB2BC /* Info.plist */,
			);
			path = myfirstappTests;
			sourceTree = "<group>";
		};
		13AF23DC1D75B7A600CDB2BC /* myfirstappUITests */ = {
			isa = PBXGroup;
			children = (
				13AF23DD1D75B7A600CDB2BC /* myfirstappUITests.m */,
				13AF23DF1D75B7A600CDB2BC /* Info.plist */,
			);
			path = myfirstappUITests;
			sourceTree = "<group>";
		};
/* End PBXGroup section */

/* Begin PBXNativeTarget section */
		13AF23B41D75B7A500CDB2BC /* myfirstapp */ = {
			isa = PBXNativeTarget;
			buildConfigurationList = 13AF23E21D75B7A600CDB2BC /* Build configuration list for PBXNativeTarget "myfirstapp" */;
			buildPhases = (
				13AF23B11D75B7A500CDB2BC /* Sources */,
				13AF23B21D75B7A500CDB2BC /* Frameworks */,
				13AF23B31D75B7A500CDB2BC /* Resources */,
			);
			buildRules = (
			);
			dependencies = (
			);
			name = myfirstapp;
			productName = myfirstapp;
			productReference = 13AF23B51D75B7A500CDB2BC /* myfirstapp.app */;
			productType = "com.apple.product-type.application";
		};
		13AF23CD1D75B7A600CDB2BC /* myfirstappTests */ = {
			isa = PBXNativeTarget;
			buildConfigurationList = 13AF23E51D75B7A600CDB2BC /* Build configuration list for PBXNativeTarget "myfirstappTests" */;
			buildPhases = (
				13AF23CA1D75B7A600CDB2BC /* Sources */,
				13AF23CB1D75B7A600CDB2BC /* Frameworks */,
				13AF23CC1D75B7A600CDB2BC /* Resources */,
			);
			buildRules = (
			);
			dependencies = (
				13AF23D01D75B7A600CDB2BC /* PBXTargetDependency */,
			);
			name = myfirstappTests;
			productName = myfirstappTests;
			productReference = 13AF23CE1D75B7A600CDB2BC /* myfirstappTests.xctest */;
			productType = "com.apple.product-type.bundle.unit-test";
		};
		13AF23D81D75B7A600CDB2BC /* myfirstappUITests */ = {
			isa = PBXNativeTarget;
			buildConfigurationList = 13AF23E81D75B7A600CDB2BC /* Build configuration list for PBXNativeTarget "myfirstappUITests" */;
			buildPhases = (
				13AF23D51D75B7A600CDB2BC /* Sources */,
				13AF23D61D75B7A600CDB2BC /* Frameworks */,
				13AF23D71D75B7A600CDB2BC /* Resources */,
			);
			buildRules = (
			);
			dependencies = (
				13AF23DB1D75B7A600CDB2BC /* PBXTargetDependency */,
			);
			name = myfirstappUITests;
			productName = myfirstappUITests;
			productReference = 13AF23D91D75B7A600CDB2BC /* myfirstappUITests.xctest */;
			productType = "com.apple.product-type.bundle.ui-testing";
		};
/* End PBXNativeTarget section */

/* Begin PBXProject section */
		13AF23AD1D75B7A500CDB2BC /* Project object */ = {
			isa = PBXProject;
			attributes = {
				LastUpgradeCheck = 0800;
				ORGANIZATIONNAME = "Sean Heinen";
				TargetAttributes = {
					13AF23B41D75B7A500CDB2BC = {
						CreatedOnToolsVersion = 8.0;
						ProvisioningStyle = Automatic;
					};
					13AF23CD1D75B7A600CDB2BC = {
						CreatedOnToolsVersion = 8.0;
						ProvisioningStyle = Automatic;
						TestTargetID = 13AF23B41D75B7A500CDB2BC;
					};
					13AF23D81D75B7A600CDB2BC = {
						CreatedOnToolsVersion = 8.0;
						ProvisioningStyle = Automatic;
						TestTargetID = 13AF23B41D75B7A500CDB2BC;
					};
				};
			};
			buildConfigurationList = 13AF23B01D75B7A500CDB2BC /* Build configuration list for PBXProject "myfirstapp" */;
			compatibilityVersion = "Xcode 3.2";
			developmentRegion = English;
			hasScannedForEncodings = 0;
			knownRegions = (
				en,
				Base,
			);
			mainGroup = 13AF23AC1D75B7A500CDB2BC;
			productRefGroup = 13AF23B61D75B7A500CDB2BC /* Products */;
			projectDirPath = "";
			projectRoot = "";
			targets = (
				13AF23B41D75B7A500CDB2BC /* myfirstapp */,
				13AF23CD1D75B7A600CDB2BC /* myfirstappTests */,
				13AF23D81D75B7A600CDB2BC /* myfirstappUITests */,
			);
		};
/* End PBXProject section */

/* Begin PBXResourcesBuildPhase section */
		13AF23B31D75B7A500CDB2BC /* Resources */ = {
			isa = PBXResourcesBuildPhase;
			buildActionMask = 2147483647;
			files = (
				13AF23C51D75B7A600CDB2BC /* Assets.xcassets in Resources */,
			);
			runOnlyForDeploymentPostprocessing = 0;
		};
		13AF23CC1D75B7A600CDB2BC /* Resources */ = {
			isa = PBXResourcesBuildPhase;
			buildActionMask = 2147483647;
			files = (
			);
			runOnlyForDeploymentPostprocessing = 0;
		};
		13AF23D71D75B7A600CDB2BC /* Resources */ = {
			isa = PBXResourcesBuildPhase;
			buildActionMask = 2147483647;
			files = (
			);
			runOnlyForDeploymentPostprocessing = 0;
		};
/* End PBXResourcesBuildPhase section */

/* Begin PBXSourcesBuildPhase section */
		13AF23B11D75B7A500CDB2BC /* Sources */ = {
			isa = PBXSourcesBuildPhase;
			buildActionMask = 2147483647;
			files = (
				134A16AA1D77291700913710 /* application.m in Sources */,
				134A16AD1D77295100913710 /* viewControllerManager.m in Sources */,
				13E7AC4D1D76DFE800F3DA3C /* ViewController.m in Sources */,
				13AF23BD1D75B7A500CDB2BC /* AppDelegate.m in Sources */,
				13AF23BA1D75B7A500CDB2BC /* main.m in Sources */,
			);
			runOnlyForDeploymentPostprocessing = 0;
		};
		13AF23CA1D75B7A600CDB2BC /* Sources */ = {
			isa = PBXSourcesBuildPhase;
			buildActionMask = 2147483647;
			files = (
				13AF23D31D75B7A600CDB2BC /* myfirstappTests.m in Sources */,
			);
			runOnlyForDeploymentPostprocessing = 0;
		};
		13AF23D51D75B7A600CDB2BC /* Sources */ = {
			isa = PBXSourcesBuildPhase;
			buildActionMask = 2147483647;
			files = (
				13AF23DE1D75B7A600CDB2BC /* myfirstappUITests.m in Sources */,
			);
			runOnlyForDeploymentPostprocessing = 0;
		};
/* End PBXSourcesBuildPhase section */

/* Begin PBXTargetDependency section */
		13AF23D01D75B7A600CDB2BC /* PBXTargetDependency */ = {
			isa = PBXTargetDependency;
			target = 13AF23B41D75B7A500CDB2BC /* myfirstapp */;
			targetProxy = 13AF23CF1D75B7A600CDB2BC /* PBXContainerItemProxy */;
		};
		13AF23DB1D75B7A600CDB2BC /* PBXTargetDependency */ = {
			isa = PBXTargetDependency;
			target = 13AF23B41D75B7A500CDB2BC /* myfirstapp */;
			targetProxy = 13AF23DA1D75B7A600CDB2BC /* PBXContainerItemProxy */;
		};
/* End PBXTargetDependency section */

/* Begin XCBuildConfiguration section */
		13AF23E01D75B7A600CDB2BC /* Debug */ = {
			isa = XCBuildConfiguration;
			buildSettings = {
				ALWAYS_SEARCH_USER_PATHS = NO;
				CLANG_ANALYZER_NONNULL = YES;
				CLANG_CXX_LANGUAGE_STANDARD = "gnu++0x";
				CLANG_CXX_LIBRARY = "libc++";
				CLANG_ENABLE_MODULES = YES;
				CLANG_ENABLE_OBJC_ARC = YES;
				CLANG_WARN_BOOL_CONVERSION = YES;
				CLANG_WARN_CONSTANT_CONVERSION = YES;
				CLANG_WARN_DIRECT_OBJC_ISA_USAGE = YES_ERROR;
				CLANG_WARN_DOCUMENTATION_COMMENTS = YES;
				CLANG_WARN_EMPTY_BODY = YES;
				CLANG_WARN_ENUM_CONVERSION = YES;
				CLANG_WARN_INFINITE_RECURSION = YES;
				CLANG_WARN_INT_CONVERSION = YES;
				CLANG_WARN_OBJC_ROOT_CLASS = YES_ERROR;
				CLANG_WARN_SUSPICIOUS_MOVES = YES;
				CLANG_WARN_UNREACHABLE_CODE = YES;
				CLANG_WARN__DUPLICATE_METHOD_MATCH = YES;
				"CODE_SIGN_IDENTITY[sdk=iphoneos*]" = "iPhone Developer";
				COPY_PHASE_STRIP = NO;
				DEBUG_INFORMATION_FORMAT = dwarf;
				ENABLE_STRICT_OBJC_MSGSEND = YES;
				ENABLE_TESTABILITY = YES;
				GCC_C_LANGUAGE_STANDARD = gnu99;
				GCC_DYNAMIC_NO_PIC = NO;
				GCC_NO_COMMON_BLOCKS = YES;
				GCC_OPTIMIZATION_LEVEL = 0;
				GCC_PREPROCESSOR_DEFINITIONS = (
					"DEBUG=1",
					"$(inherited)",
				);
				GCC_WARN_64_TO_32_BIT_CONVERSION = YES;
				GCC_WARN_ABOUT_RETURN_TYPE = YES_ERROR;
				GCC_WARN_UNDECLARED_SELECTOR = YES;
				GCC_WARN_UNINITIALIZED_AUTOS = YES_AGGRESSIVE;
				GCC_WARN_UNUSED_FUNCTION = YES;
				GCC_WARN_UNUSED_VARIABLE = YES;
				IPHONEOS_DEPLOYMENT_TARGET = 10.0;
				MTL_ENABLE_DEBUG_INFO = YES;
				ONLY_ACTIVE_ARCH = YES;
				SDKROOT = iphoneos;
				TARGETED_DEVICE_FAMILY = "1,2";
			};
			name = Debug;
		};
		13AF23E11D75B7A600CDB2BC /* Release */ = {
			isa = XCBuildConfiguration;
			buildSettings = {
				ALWAYS_SEARCH_USER_PATHS = NO;
				CLANG_ANALYZER_NONNULL = YES;
				CLANG_CXX_LANGUAGE_STANDARD = "gnu++0x";
				CLANG_CXX_LIBRARY = "libc++";
				CLANG_ENABLE_MODULES = YES;
				CLANG_ENABLE_OBJC_ARC = YES;
				CLANG_WARN_BOOL_CONVERSION = YES;
				CLANG_WARN_CONSTANT_CONVERSION = YES;
				CLANG_WARN_DIRECT_OBJC_ISA_USAGE = YES_ERROR;
				CLANG_WARN_DOCUMENTATION_COMMENTS = YES;
				CLANG_WARN_EMPTY_BODY = YES;
				CLANG_WARN_ENUM_CONVERSION = YES;
				CLANG_WARN_INFINITE_RECURSION = YES;
				CLANG_WARN_INT_CONVERSION = YES;
				CLANG_WARN_OBJC_ROOT_CLASS = YES_ERROR;
				CLANG_WARN_SUSPICIOUS_MOVES = YES;
				CLANG_WARN_UNREACHABLE_CODE = YES;
				CLANG_WARN__DUPLICATE_METHOD_MATCH = YES;
				"CODE_SIGN_IDENTITY[sdk=iphoneos*]" = "iPhone Developer";
				COPY_PHASE_STRIP = NO;
				DEBUG_INFORMATION_FORMAT = "dwarf-with-dsym";
				ENABLE_NS_ASSERTIONS = NO;
				ENABLE_STRICT_OBJC_MSGSEND = YES;
				GCC_C_LANGUAGE_STANDARD = gnu99;
				GCC_NO_COMMON_BLOCKS = YES;
				GCC_WARN_64_TO_32_BIT_CONVERSION = YES;
				GCC_WARN_ABOUT_RETURN_TYPE = YES_ERROR;
				GCC_WARN_UNDECLARED_SELECTOR = YES;
				GCC_WARN_UNINITIALIZED_AUTOS = YES_AGGRESSIVE;
				GCC_WARN_UNUSED_FUNCTION = YES;
				GCC_WARN_UNUSED_VARIABLE = YES;
				IPHONEOS_DEPLOYMENT_TARGET = 10.0;
				MTL_ENABLE_DEBUG_INFO = NO;
				SDKROOT = iphoneos;
				TARGETED_DEVICE_FAMILY = "1,2";
				VALIDATE_PRODUCT = YES;
			};
			name = Release;
		};
		13AF23E31D75B7A600CDB2BC /* Debug */ = {
			isa = XCBuildConfiguration;
			buildSettings = {
				ASSETCATALOG_COMPILER_APPICON_NAME = AppIcon;
				INFOPLIST_FILE = myfirstapp/Info.plist;
				LD_RUNPATH_SEARCH_PATHS = "$(inherited) @executable_path/Frameworks";
				PRODUCT_BUNDLE_IDENTIFIER = com.heinen.myfirstapp;
				PRODUCT_NAME = "$(TARGET_NAME)";
			};
			name = Debug;
		};
		13AF23E41D75B7A600CDB2BC /* Release */ = {
			isa = XCBuildConfiguration;
			buildSettings = {
				ASSETCATALOG_COMPILER_APPICON_NAME = AppIcon;
				INFOPLIST_FILE = myfirstapp/Info.plist;
				LD_RUNPATH_SEARCH_PATHS = "$(inherited) @executable_path/Frameworks";
				PRODUCT_BUNDLE_IDENTIFIER = com.heinen.myfirstapp;
				PRODUCT_NAME = "$(TARGET_NAME)";
			};
			name = Release;
		};
		13AF23E61D75B7A600CDB2BC /* Debug */ = {
			isa = XCBuildConfiguration;
			buildSettings = {
				BUNDLE_LOADER = "$(TEST_HOST)";
				INFOPLIST_FILE = myfirstappTests/Info.plist;
				LD_RUNPATH_SEARCH_PATHS = "$(inherited) @executable_path/Frameworks @loader_path/Frameworks";
				PRODUCT_BUNDLE_IDENTIFIER = com.heinen.myfirstappTests;
				PRODUCT_NAME = "$(TARGET_NAME)";
				TEST_HOST = "$(BUILT_PRODUCTS_DIR)/myfirstapp.app/myfirstapp";
			};
			name = Debug;
		};
		13AF23E71D75B7A600CDB2BC /* Release */ = {
			isa = XCBuildConfiguration;
			buildSettings = {
				BUNDLE_LOADER = "$(TEST_HOST)";
				INFOPLIST_FILE = myfirstappTests/Info.plist;
				LD_RUNPATH_SEARCH_PATHS = "$(inherited) @executable_path/Frameworks @loader_path/Frameworks";
				PRODUCT_BUNDLE_IDENTIFIER = com.heinen.myfirstappTests;
				PRODUCT_NAME = "$(TARGET_NAME)";
				TEST_HOST = "$(BUILT_PRODUCTS_DIR)/myfirstapp.app/myfirstapp";
			};
			name = Release;
		};
		13AF23E91D75B7A600CDB2BC /* Debug */ = {
			isa = XCBuildConfiguration;
			buildSettings = {
				INFOPLIST_FILE = myfirstappUITests/Info.plist;
				LD_RUNPATH_SEARCH_PATHS = "$(inherited) @executable_path/Frameworks @loader_path/Frameworks";
				PRODUCT_BUNDLE_IDENTIFIER = com.heinen.myfirstappUITests;
				PRODUCT_NAME = "$(TARGET_NAME)";
				TEST_TARGET_NAME = myfirstapp;
			};
			name = Debug;
		};
		13AF23EA1D75B7A600CDB2BC /* Release */ = {
			isa = XCBuildConfiguration;
			buildSettings = {
				INFOPLIST_FILE = myfirstappUITests/Info.plist;
				LD_RUNPATH_SEARCH_PATHS = "$(inherited) @executable_path/Frameworks @loader_path/Frameworks";
				PRODUCT_BUNDLE_IDENTIFIER = com.heinen.myfirstappUITests;
				PRODUCT_NAME = "$(TARGET_NAME)";
				TEST_TARGET_NAME = myfirstapp;
			};
			name = Release;
		};
/* End XCBuildConfiguration section */

/* Begin XCConfigurationList section */
		13AF23B01D75B7A500CDB2BC /* Build configuration list for PBXProject "myfirstapp" */ = {
			isa = XCConfigurationList;
			buildConfigurations = (
				13AF23E01D75B7A600CDB2BC /* Debug */,
				13AF23E11D75B7A600CDB2BC /* Release */,
			);
			defaultConfigurationIsVisible = 0;
			defaultConfigurationName = Release;
		};
		13AF23E21D75B7A600CDB2BC /* Build configuration list for PBXNativeTarget "myfirstapp" */ = {
			isa = XCConfigurationList;
			buildConfigurations = (
				13AF23E31D75B7A600CDB2BC /* Debug */,
				13AF23E41D75B7A600CDB2BC /* Release */,
			);
			defaultConfigurationIsVisible = 0;
			defaultConfigurationName = Release;
		};
		13AF23E51D75B7A600CDB2BC /* Build configuration list for PBXNativeTarget "myfirstappTests" */ = {
			isa = XCConfigurationList;
			buildConfigurations = (
				13AF23E61D75B7A600CDB2BC /* Debug */,
				13AF23E71D75B7A600CDB2BC /* Release */,
			);
			defaultConfigurationIsVisible = 0;
			defaultConfigurationName = Release;
		};
		13AF23E81D75B7A600CDB2BC /* Build configuration list for PBXNativeTarget "myfirstappUITests" */ = {
			isa = XCConfigurationList;
			buildConfigurations = (
				13AF23E91D75B7A600CDB2BC /* Debug */,
				13AF23EA1D75B7A600CDB2BC /* Release */,
			);
			defaultConfigurationIsVisible = 0;
			defaultConfigurationName = Release;
		};
/* End XCConfigurationList section */
	};
	rootObject = 13AF23AD1D75B7A500CDB2BC /* Project object */;
}
